
Microsoft Visual Studio Solution File, Format Version 12.00
Project("{FAE04EC0-301F-11D3-BF4B-00C04F79EFBC}") = "FiveNightsAtAnonymous.Game", "FiveNightsAtAnonymous.Game\FiveNightsAtAnonymous.Game.csproj", "{5EBCB923-61A0-4CC5-95C9-05378B094D26}"
EndProject
Global
	GlobalSection(SolutionConfigurationPlatforms) = preSolution
		Debug|Any CPU = Debug|Any CPU
		Release|Any CPU = Release|Any CPU
	EndGlobalSection
	GlobalSection(ProjectConfigurationPlatforms) = postSolution
		{5EBCB923-61A0-4CC5-95C9-05378B094D26}.Debug|Any CPU.ActiveCfg = Debug|Any CPU
		{5EBCB923-61A0-4CC5-95C9-05378B094D26}.Debug|Any CPU.Build.0 = Debug|Any CPU
		{5EBCB923-61A0-4CC5-95C9-05378B094D26}.Release|Any CPU.ActiveCfg = Release|Any CPU
		{5EBCB923-61A0-4CC5-95C9-05378B094D26}.Release|Any CPU.Build.0 = Release|Any CPU
	EndGlobalSection
EndGlobal
